
Microsoft Visual Studio Solution File, Format Version 12.00
# Visual Studio Version 17
VisualStudioVersion = 17.13.35913.81 d17.13
MinimumVisualStudioVersion = 10.0.40219.1
Project("{2150E333-8FDC-42A3-9474-1A3956D46DE8}") = "Feature", "Feature", "{02EA681E-C7D8-13C7-8484-4AC65E1B71E8}"
EndProject
Project("{2150E333-8FDC-42A3-9474-1A3956D46DE8}") = "Foundation", "Foundation", "{C9353258-7535-4D3E-B4D4-955B79C67A2B}"
EndProject
Project("{2150E333-8FDC-42A3-9474-1A3956D46DE8}") = "Project", "Project", "{D76AB7DD-2805-4C76-86E2-AF627A860B68}"
EndProject
Project("{2150E333-8FDC-42A3-9474-1A3956D46DE8}") = "XMCloudJSS", "XMCloudJSS", "{BE6BD7EB-C3AA-4DAA-978F-68444F7B8035}"
EndProject
Global
	GlobalSection(SolutionProperties) = preSolution
		HideSolutionNode = FALSE
	EndGlobalSection
	GlobalSection(ExtensibilityGlobals) = postSolution
		SolutionGuid = {87C989B9-BCCB-4E8C-8D05-E6597E3CAB87}
	EndGlobalSection
EndGlobal
